
Microsoft Visual Studio Solution File, Format Version 12.00
# Visual Studio Version 17
VisualStudioVersion = 17.8.34330.188
MinimumVisualStudioVersion = 10.0.40219.1
Project("{9A19103F-16F7-4668-BE54-9A1E7A4F7556}") = "SonoSage", "SonoSage\SonoSage.csproj", "{5EA5C1E8-2BB8-415C-8CD6-220406B67708}"
EndProject
Global
	GlobalSection(SolutionConfigurationPlatforms) = preSolution
		Debug|Any CPU = Debug|Any CPU
		Release|Any CPU = Release|Any CPU
	EndGlobalSection
	GlobalSection(ProjectConfigurationPlatforms) = postSolution
		{5EA5C1E8-2BB8-415C-8CD6-220406B67708}.Debug|Any CPU.ActiveCfg = Debug|Any CPU
		{5EA5C1E8-2BB8-415C-8CD6-220406B67708}.Debug|Any CPU.Build.0 = Debug|Any CPU
		{5EA5C1E8-2BB8-415C-8CD6-220406B67708}.Release|Any CPU.ActiveCfg = Release|Any CPU
		{5EA5C1E8-2BB8-415C-8CD6-220406B67708}.Release|Any CPU.Build.0 = Release|Any CPU
	EndGlobalSection
	GlobalSection(SolutionProperties) = preSolution
		HideSolutionNode = FALSE
	EndGlobalSection
	GlobalSection(ExtensibilityGlobals) = postSolution
		SolutionGuid = {CFCACB7A-AF6D-4B7E-905A-05902DC7675C}
	EndGlobalSection
EndGlobal
